// !$*UTF8*$!
{
	archiveVersion = 1;
	classes = {
	};
	objectVersion = 54;
	objects = {

/* Begin PBXBuildFile section */
		0C80B921A6F3F58F76C31292 /* libPods-dhievent.a in Frameworks */ = {isa = PBXBuildFile; fileRef = 5DCACB8F33CDC322A6C60F78 /* libPods-dhievent.a */; };
		13B07FBF1A68108700A75B9A /* Images.xcassets in Resources */ = {isa = PBXBuildFile; fileRef = 13B07FB51A68108700A75B9A /* Images.xcassets */; };
		3CB73E4FE721FF251C99B371 /* PrivacyInfo.xcprivacy in Resources */ = {isa = PBXBuildFile; fileRef = 13B07FB81A68108700A75B9A /* PrivacyInfo.xcprivacy */; };
		761780ED2CA45674006654EE /* AppDelegate.swift in Sources */ = {isa = PBXBuildFile; fileRef = 761780EC2CA45674006654EE /* AppDelegate.swift */; };
		81AB9BB82411601600AC10FF /* LaunchScreen.storyboard in Resources */ = {isa = PBXBuildFile; fileRef = 81AB9BB72411601600AC10FF /* LaunchScreen.storyboard */; };
		5FAB1A8DC33642998983FF1D /* AntDesign.ttf in Resources */ = {isa = PBXBuildFile; fileRef = C2F102C4965D451CA36164B9 /* AntDesign.ttf */; };
		BF58924F3F054A348A8428AF /* Entypo.ttf in Resources */ = {isa = PBXBuildFile; fileRef = 6AE65E51DCD4432A86C81ABD /* Entypo.ttf */; };
		DFC2CA11C0DD4F76836A4260 /* EvilIcons.ttf in Resources */ = {isa = PBXBuildFile; fileRef = FE59E5487D5D4E20AF5F8B6C /* EvilIcons.ttf */; };
		6CD672DEC8CA4669926C566F /* Feather.ttf in Resources */ = {isa = PBXBuildFile; fileRef = 11F7813CF3624D1DB3CD1E31 /* Feather.ttf */; };
		E03F66FF6C154CF180974E43 /* FontAwesome.ttf in Resources */ = {isa = PBXBuildFile; fileRef = 52002C0B8E964F61B31C2ABF /* FontAwesome.ttf */; };
		93768BA746CD4A2E956902D0 /* FontAwesome5_Brands.ttf in Resources */ = {isa = PBXBuildFile; fileRef = 800BF5B3DB2F4E4AA6F46F8C /* FontAwesome5_Brands.ttf */; };
		B4E09084487A4F0BBEDB8578 /* FontAwesome5_Regular.ttf in Resources */ = {isa = PBXBuildFile; fileRef = 3A3021DEB7AD49259CC3B185 /* FontAwesome5_Regular.ttf */; };
		4CBD1BB44BF34A73A4D8935B /* FontAwesome5_Solid.ttf in Resources */ = {isa = PBXBuildFile; fileRef = 29BF9EB0A9CD40B49EEBE04F /* FontAwesome5_Solid.ttf */; };
		BFD562D06A1540A09F99FE97 /* FontAwesome6_Brands.ttf in Resources */ = {isa = PBXBuildFile; fileRef = 1D88E4A42F2947929E28C05A /* FontAwesome6_Brands.ttf */; };
		2CD5E68444DB44CAAABF6822 /* FontAwesome6_Regular.ttf in Resources */ = {isa = PBXBuildFile; fileRef = F4AC56F59C524FD6B831B722 /* FontAwesome6_Regular.ttf */; };
		75862FD4706C46859976C063 /* FontAwesome6_Solid.ttf in Resources */ = {isa = PBXBuildFile; fileRef = 33B9B4ABAB994C7BBFD909D6 /* FontAwesome6_Solid.ttf */; };
		AE5D429531C64BCE917351A5 /* Fontisto.ttf in Resources */ = {isa = PBXBuildFile; fileRef = BF1A77F88DDF4F75B0433ADB /* Fontisto.ttf */; };
		F95EBF039EC24EDCA3C7B7CE /* Foundation.ttf in Resources */ = {isa = PBXBuildFile; fileRef = CE49EAF64D1446B69D38712E /* Foundation.ttf */; };
		EE7C044217E9462DBA3AAA7A /* Ionicons.ttf in Resources */ = {isa = PBXBuildFile; fileRef = 92BDA46CAEED455986085B57 /* Ionicons.ttf */; };
		928D757A2B8240FAAD084D97 /* MaterialCommunityIcons.ttf in Resources */ = {isa = PBXBuildFile; fileRef = 919D445AB1EC499EB2616AF7 /* MaterialCommunityIcons.ttf */; };
		3F5F0BF1DC694011A8630155 /* MaterialIcons.ttf in Resources */ = {isa = PBXBuildFile; fileRef = 3FA671D2BAF740C48BE39901 /* MaterialIcons.ttf */; };
		168C9C6F96874F8D89F28583 /* Octicons.ttf in Resources */ = {isa = PBXBuildFile; fileRef = 1823283D22054F0E96EBA2EB /* Octicons.ttf */; };
		DFBFF2C281BB4469A9CDD5B1 /* SimpleLineIcons.ttf in Resources */ = {isa = PBXBuildFile; fileRef = 9D85299F543D4D5093982522 /* SimpleLineIcons.ttf */; };
		CB9DCA241B104CA39B41645B /* Zocial.ttf in Resources */ = {isa = PBXBuildFile; fileRef = BAC6259990F74B3796046A03 /* Zocial.ttf */; };
/* End PBXBuildFile section */

/* Begin PBXFileReference section */
		13B07F961A680F5B00A75B9A /* dhievent.app */ = {isa = PBXFileReference; explicitFileType = wrapper.application; includeInIndex = 0; path = dhievent.app; sourceTree = BUILT_PRODUCTS_DIR; };
		13B07FB51A68108700A75B9A /* Images.xcassets */ = {isa = PBXFileReference; lastKnownFileType = folder.assetcatalog; name = Images.xcassets; path = dhievent/Images.xcassets; sourceTree = "<group>"; };
		13B07FB61A68108700A75B9A /* Info.plist */ = {isa = PBXFileReference; fileEncoding = 4; lastKnownFileType = text.plist.xml; name = Info.plist; path = dhievent/Info.plist; sourceTree = "<group>"; };
		13B07FB81A68108700A75B9A /* PrivacyInfo.xcprivacy */ = {isa = PBXFileReference; fileEncoding = 4; lastKnownFileType = text.plist.xml; name = PrivacyInfo.xcprivacy; path = dhievent/PrivacyInfo.xcprivacy; sourceTree = "<group>"; };
		3B4392A12AC88292D35C810B /* Pods-dhievent.debug.xcconfig */ = {isa = PBXFileReference; includeInIndex = 1; lastKnownFileType = text.xcconfig; name = "Pods-dhievent.debug.xcconfig"; path = "Target Support Files/Pods-dhievent/Pods-dhievent.debug.xcconfig"; sourceTree = "<group>"; };
		5709B34CF0A7D63546082F79 /* Pods-dhievent.release.xcconfig */ = {isa = PBXFileReference; includeInIndex = 1; lastKnownFileType = text.xcconfig; name = "Pods-dhievent.release.xcconfig"; path = "Target Support Files/Pods-dhievent/Pods-dhievent.release.xcconfig"; sourceTree = "<group>"; };
		5DCACB8F33CDC322A6C60F78 /* libPods-dhievent.a */ = {isa = PBXFileReference; explicitFileType = archive.ar; includeInIndex = 0; path = "libPods-dhievent.a"; sourceTree = BUILT_PRODUCTS_DIR; };
		761780EC2CA45674006654EE /* AppDelegate.swift */ = {isa = PBXFileReference; lastKnownFileType = sourcecode.swift; name = AppDelegate.swift; path = dhievent/AppDelegate.swift; sourceTree = "<group>"; };
		81AB9BB72411601600AC10FF /* LaunchScreen.storyboard */ = {isa = PBXFileReference; fileEncoding = 4; lastKnownFileType = file.storyboard; name = LaunchScreen.storyboard; path = dhievent/LaunchScreen.storyboard; sourceTree = "<group>"; };
		ED297162215061F000B7C4FE /* JavaScriptCore.framework */ = {isa = PBXFileReference; lastKnownFileType = wrapper.framework; name = JavaScriptCore.framework; path = System/Library/Frameworks/JavaScriptCore.framework; sourceTree = SDKROOT; };
		C2F102C4965D451CA36164B9 /* AntDesign.ttf */ = {isa = PBXFileReference; name = "AntDesign.ttf"; path = "../node_modules/react-native-vector-icons/Fonts/AntDesign.ttf"; sourceTree = "<group>"; fileEncoding = undefined; lastKnownFileType = unknown; explicitFileType = undefined; includeInIndex = 0; };
		6AE65E51DCD4432A86C81ABD /* Entypo.ttf */ = {isa = PBXFileReference; name = "Entypo.ttf"; path = "../node_modules/react-native-vector-icons/Fonts/Entypo.ttf"; sourceTree = "<group>"; fileEncoding = undefined; lastKnownFileType = unknown; explicitFileType = undefined; includeInIndex = 0; };
		FE59E5487D5D4E20AF5F8B6C /* EvilIcons.ttf */ = {isa = PBXFileReference; name = "EvilIcons.ttf"; path = "../node_modules/react-native-vector-icons/Fonts/EvilIcons.ttf"; sourceTree = "<group>"; fileEncoding = undefined; lastKnownFileType = unknown; explicitFileType = undefined; includeInIndex = 0; };
		11F7813CF3624D1DB3CD1E31 /* Feather.ttf */ = {isa = PBXFileReference; name = "Feather.ttf"; path = "../node_modules/react-native-vector-icons/Fonts/Feather.ttf"; sourceTree = "<group>"; fileEncoding = undefined; lastKnownFileType = unknown; explicitFileType = undefined; includeInIndex = 0; };
		52002C0B8E964F61B31C2ABF /* FontAwesome.ttf */ = {isa = PBXFileReference; name = "FontAwesome.ttf"; path = "../node_modules/react-native-vector-icons/Fonts/FontAwesome.ttf"; sourceTree = "<group>"; fileEncoding = undefined; lastKnownFileType = unknown; explicitFileType = undefined; includeInIndex = 0; };
		800BF5B3DB2F4E4AA6F46F8C /* FontAwesome5_Brands.ttf */ = {isa = PBXFileReference; name = "FontAwesome5_Brands.ttf"; path = "../node_modules/react-native-vector-icons/Fonts/FontAwesome5_Brands.ttf"; sourceTree = "<group>"; fileEncoding = undefined; lastKnownFileType = unknown; explicitFileType = undefined; includeInIndex = 0; };
		3A3021DEB7AD49259CC3B185 /* FontAwesome5_Regular.ttf */ = {isa = PBXFileReference; name = "FontAwesome5_Regular.ttf"; path = "../node_modules/react-native-vector-icons/Fonts/FontAwesome5_Regular.ttf"; sourceTree = "<group>"; fileEncoding = undefined; lastKnownFileType = unknown; explicitFileType = undefined; includeInIndex = 0; };
		29BF9EB0A9CD40B49EEBE04F /* FontAwesome5_Solid.ttf */ = {isa = PBXFileReference; name = "FontAwesome5_Solid.ttf"; path = "../node_modules/react-native-vector-icons/Fonts/FontAwesome5_Solid.ttf"; sourceTree = "<group>"; fileEncoding = undefined; lastKnownFileType = unknown; explicitFileType = undefined; includeInIndex = 0; };
		1D88E4A42F2947929E28C05A /* FontAwesome6_Brands.ttf */ = {isa = PBXFileReference; name = "FontAwesome6_Brands.ttf"; path = "../node_modules/react-native-vector-icons/Fonts/FontAwesome6_Brands.ttf"; sourceTree = "<group>"; fileEncoding = undefined; lastKnownFileType = unknown; explicitFileType = undefined; includeInIndex = 0; };
		F4AC56F59C524FD6B831B722 /* FontAwesome6_Regular.ttf */ = {isa = PBXFileReference; name = "FontAwesome6_Regular.ttf"; path = "../node_modules/react-native-vector-icons/Fonts/FontAwesome6_Regular.ttf"; sourceTree = "<group>"; fileEncoding = undefined; lastKnownFileType = unknown; explicitFileType = undefined; includeInIndex = 0; };
		33B9B4ABAB994C7BBFD909D6 /* FontAwesome6_Solid.ttf */ = {isa = PBXFileReference; name = "FontAwesome6_Solid.ttf"; path = "../node_modules/react-native-vector-icons/Fonts/FontAwesome6_Solid.ttf"; sourceTree = "<group>"; fileEncoding = undefined; lastKnownFileType = unknown; explicitFileType = undefined; includeInIndex = 0; };
		BF1A77F88DDF4F75B0433ADB /* Fontisto.ttf */ = {isa = PBXFileReference; name = "Fontisto.ttf"; path = "../node_modules/react-native-vector-icons/Fonts/Fontisto.ttf"; sourceTree = "<group>"; fileEncoding = undefined; lastKnownFileType = unknown; explicitFileType = undefined; includeInIndex = 0; };
		CE49EAF64D1446B69D38712E /* Foundation.ttf */ = {isa = PBXFileReference; name = "Foundation.ttf"; path = "../node_modules/react-native-vector-icons/Fonts/Foundation.ttf"; sourceTree = "<group>"; fileEncoding = undefined; lastKnownFileType = unknown; explicitFileType = undefined; includeInIndex = 0; };
		92BDA46CAEED455986085B57 /* Ionicons.ttf */ = {isa = PBXFileReference; name = "Ionicons.ttf"; path = "../node_modules/react-native-vector-icons/Fonts/Ionicons.ttf"; sourceTree = "<group>"; fileEncoding = undefined; lastKnownFileType = unknown; explicitFileType = undefined; includeInIndex = 0; };
		919D445AB1EC499EB2616AF7 /* MaterialCommunityIcons.ttf */ = {isa = PBXFileReference; name = "MaterialCommunityIcons.ttf"; path = "../node_modules/react-native-vector-icons/Fonts/MaterialCommunityIcons.ttf"; sourceTree = "<group>"; fileEncoding = undefined; lastKnownFileType = unknown; explicitFileType = undefined; includeInIndex = 0; };
		3FA671D2BAF740C48BE39901 /* MaterialIcons.ttf */ = {isa = PBXFileReference; name = "MaterialIcons.ttf"; path = "../node_modules/react-native-vector-icons/Fonts/MaterialIcons.ttf"; sourceTree = "<group>"; fileEncoding = undefined; lastKnownFileType = unknown; explicitFileType = undefined; includeInIndex = 0; };
		1823283D22054F0E96EBA2EB /* Octicons.ttf */ = {isa = PBXFileReference; name = "Octicons.ttf"; path = "../node_modules/react-native-vector-icons/Fonts/Octicons.ttf"; sourceTree = "<group>"; fileEncoding = undefined; lastKnownFileType = unknown; explicitFileType = undefined; includeInIndex = 0; };
		9D85299F543D4D5093982522 /* SimpleLineIcons.ttf */ = {isa = PBXFileReference; name = "SimpleLineIcons.ttf"; path = "../node_modules/react-native-vector-icons/Fonts/SimpleLineIcons.ttf"; sourceTree = "<group>"; fileEncoding = undefined; lastKnownFileType = unknown; explicitFileType = undefined; includeInIndex = 0; };
		BAC6259990F74B3796046A03 /* Zocial.ttf */ = {isa = PBXFileReference; name = "Zocial.ttf"; path = "../node_modules/react-native-vector-icons/Fonts/Zocial.ttf"; sourceTree = "<group>"; fileEncoding = undefined; lastKnownFileType = unknown; explicitFileType = undefined; includeInIndex = 0; };
/* End PBXFileReference section */

/* Begin PBXFrameworksBuildPhase section */
		13B07F8C1A680F5B00A75B9A /* Frameworks */ = {
			isa = PBXFrameworksBuildPhase;
			buildActionMask = 2147483647;
			files = (
				0C80B921A6F3F58F76C31292 /* libPods-dhievent.a in Frameworks */,
			);
			runOnlyForDeploymentPostprocessing = 0;
		};
/* End PBXFrameworksBuildPhase section */

/* Begin PBXGroup section */
		13B07FAE1A68108700A75B9A /* dhievent */ = {
			isa = PBXGroup;
			children = (
				13B07FB51A68108700A75B9A /* Images.xcassets */,
				761780EC2CA45674006654EE /* AppDelegate.swift */,
				13B07FB61A68108700A75B9A /* Info.plist */,
				81AB9BB72411601600AC10FF /* LaunchScreen.storyboard */,
				13B07FB81A68108700A75B9A /* PrivacyInfo.xcprivacy */,
			);
			name = dhievent;
			sourceTree = "<group>";
		};
		2D16E6871FA4F8E400B85C8A /* Frameworks */ = {
			isa = PBXGroup;
			children = (
				ED297162215061F000B7C4FE /* JavaScriptCore.framework */,
				5DCACB8F33CDC322A6C60F78 /* libPods-dhievent.a */,
			);
			name = Frameworks;
			sourceTree = "<group>";
		};
		832341AE1AAA6A7D00B99B32 /* Libraries */ = {
			isa = PBXGroup;
			children = (
			);
			name = Libraries;
			sourceTree = "<group>";
		};
		83CBB9F61A601CBA00E9B192 = {
			isa = PBXGroup;
			children = (
				13B07FAE1A68108700A75B9A /* dhievent */,
				832341AE1AAA6A7D00B99B32 /* Libraries */,
				83CBBA001A601CBA00E9B192 /* Products */,
				2D16E6871FA4F8E400B85C8A /* Frameworks */,
				BBD78D7AC51CEA395F1C20DB /* Pods */,
				95C9304FCB6A40CC8E796CE6 /* Resources */,
			);
			indentWidth = 2;
			sourceTree = "<group>";
			tabWidth = 2;
			usesTabs = 0;
		};
		83CBBA001A601CBA00E9B192 /* Products */ = {
			isa = PBXGroup;
			children = (
				13B07F961A680F5B00A75B9A /* dhievent.app */,
			);
			name = Products;
			sourceTree = "<group>";
		};
		BBD78D7AC51CEA395F1C20DB /* Pods */ = {
			isa = PBXGroup;
			children = (
				3B4392A12AC88292D35C810B /* Pods-dhievent.debug.xcconfig */,
				5709B34CF0A7D63546082F79 /* Pods-dhievent.release.xcconfig */,
			);
			path = Pods;
			sourceTree = "<group>";
		};
		95C9304FCB6A40CC8E796CE6 /* Resources */ = {
			isa = "PBXGroup";
			children = (
				C2F102C4965D451CA36164B9 /* AntDesign.ttf */,
				6AE65E51DCD4432A86C81ABD /* Entypo.ttf */,
				FE59E5487D5D4E20AF5F8B6C /* EvilIcons.ttf */,
				11F7813CF3624D1DB3CD1E31 /* Feather.ttf */,
				52002C0B8E964F61B31C2ABF /* FontAwesome.ttf */,
				800BF5B3DB2F4E4AA6F46F8C /* FontAwesome5_Brands.ttf */,
				3A3021DEB7AD49259CC3B185 /* FontAwesome5_Regular.ttf */,
				29BF9EB0A9CD40B49EEBE04F /* FontAwesome5_Solid.ttf */,
				1D88E4A42F2947929E28C05A /* FontAwesome6_Brands.ttf */,
				F4AC56F59C524FD6B831B722 /* FontAwesome6_Regular.ttf */,
				33B9B4ABAB994C7BBFD909D6 /* FontAwesome6_Solid.ttf */,
				BF1A77F88DDF4F75B0433ADB /* Fontisto.ttf */,
				CE49EAF64D1446B69D38712E /* Foundation.ttf */,
				92BDA46CAEED455986085B57 /* Ionicons.ttf */,
				919D445AB1EC499EB2616AF7 /* MaterialCommunityIcons.ttf */,
				3FA671D2BAF740C48BE39901 /* MaterialIcons.ttf */,
				1823283D22054F0E96EBA2EB /* Octicons.ttf */,
				9D85299F543D4D5093982522 /* SimpleLineIcons.ttf */,
				BAC6259990F74B3796046A03 /* Zocial.ttf */,
			);
			name = Resources;
			sourceTree = "<group>";
			path = "";
		};
/* End PBXGroup section */

/* Begin PBXNativeTarget section */
		13B07F861A680F5B00A75B9A /* dhievent */ = {
			isa = PBXNativeTarget;
			buildConfigurationList = 13B07F931A680F5B00A75B9A /* Build configuration list for PBXNativeTarget "dhievent" */;
			buildPhases = (
				C38B50BA6285516D6DCD4F65 /* [CP] Check Pods Manifest.lock */,
				13B07F871A680F5B00A75B9A /* Sources */,
				13B07F8C1A680F5B00A75B9A /* Frameworks */,
				13B07F8E1A680F5B00A75B9A /* Resources */,
				00DD1BFF1BD5951E006B06BC /* Bundle React Native code and images */,
				00EEFC60759A1932668264C0 /* [CP] Embed Pods Frameworks */,
				E235C05ADACE081382539298 /* [CP] Copy Pods Resources */,
			);
			buildRules = (
			);
			dependencies = (
			);
			name = dhievent;
			productName = dhievent;
			productReference = 13B07F961A680F5B00A75B9A /* dhievent.app */;
			productType = "com.apple.product-type.application";
		};
/* End PBXNativeTarget section */

/* Begin PBXProject section */
		83CBB9F71A601CBA00E9B192 /* Project object */ = {
			isa = PBXProject;
			attributes = {
				LastUpgradeCheck = 1210;
				TargetAttributes = {
					13B07F861A680F5B00A75B9A = {
						LastSwiftMigration = 1120;
					};
				};
			};
			buildConfigurationList = 83CBB9FA1A601CBA00E9B192 /* Build configuration list for PBXProject "dhievent" */;
			compatibilityVersion = "Xcode 12.0";
			developmentRegion = en;
			hasScannedForEncodings = 0;
			knownRegions = (
				en,
				Base,
			);
			mainGroup = 83CBB9F61A601CBA00E9B192;
			productRefGroup = 83CBBA001A601CBA00E9B192 /* Products */;
			projectDirPath = "";
			projectRoot = "";
			targets = (
				13B07F861A680F5B00A75B9A /* dhievent */,
			);
		};
/* End PBXProject section */

/* Begin PBXResourcesBuildPhase section */
		13B07F8E1A680F5B00A75B9A /* Resources */ = {
			isa = PBXResourcesBuildPhase;
			buildActionMask = 2147483647;
			files = (
				81AB9BB82411601600AC10FF /* LaunchScreen.storyboard in Resources */,
				13B07FBF1A68108700A75B9A /* Images.xcassets in Resources */,
				3CB73E4FE721FF251C99B371 /* PrivacyInfo.xcprivacy in Resources */,
				5FAB1A8DC33642998983FF1D /* AntDesign.ttf in Resources */,
				BF58924F3F054A348A8428AF /* Entypo.ttf in Resources */,
				DFC2CA11C0DD4F76836A4260 /* EvilIcons.ttf in Resources */,
				6CD672DEC8CA4669926C566F /* Feather.ttf in Resources */,
				E03F66FF6C154CF180974E43 /* FontAwesome.ttf in Resources */,
				93768BA746CD4A2E956902D0 /* FontAwesome5_Brands.ttf in Resources */,
				B4E09084487A4F0BBEDB8578 /* FontAwesome5_Regular.ttf in Resources */,
				4CBD1BB44BF34A73A4D8935B /* FontAwesome5_Solid.ttf in Resources */,
				BFD562D06A1540A09F99FE97 /* FontAwesome6_Brands.ttf in Resources */,
				2CD5E68444DB44CAAABF6822 /* FontAwesome6_Regular.ttf in Resources */,
				75862FD4706C46859976C063 /* FontAwesome6_Solid.ttf in Resources */,
				AE5D429531C64BCE917351A5 /* Fontisto.ttf in Resources */,
				F95EBF039EC24EDCA3C7B7CE /* Foundation.ttf in Resources */,
				EE7C044217E9462DBA3AAA7A /* Ionicons.ttf in Resources */,
				928D757A2B8240FAAD084D97 /* MaterialCommunityIcons.ttf in Resources */,
				3F5F0BF1DC694011A8630155 /* MaterialIcons.ttf in Resources */,
				168C9C6F96874F8D89F28583 /* Octicons.ttf in Resources */,
				DFBFF2C281BB4469A9CDD5B1 /* SimpleLineIcons.ttf in Resources */,
				CB9DCA241B104CA39B41645B /* Zocial.ttf in Resources */,
			);
			runOnlyForDeploymentPostprocessing = 0;
		};
/* End PBXResourcesBuildPhase section */

/* Begin PBXShellScriptBuildPhase section */
		00DD1BFF1BD5951E006B06BC /* Bundle React Native code and images */ = {
			isa = PBXShellScriptBuildPhase;
			buildActionMask = 2147483647;
			files = (
			);
			inputPaths = (
				"$(SRCROOT)/.xcode.env.local",
				"$(SRCROOT)/.xcode.env",
			);
			name = "Bundle React Native code and images";
			outputPaths = (
			);
			runOnlyForDeploymentPostprocessing = 0;
			shellPath = /bin/sh;
			shellScript = "set -e\n\nWITH_ENVIRONMENT=\"$REACT_NATIVE_PATH/scripts/xcode/with-environment.sh\"\nREACT_NATIVE_XCODE=\"$REACT_NATIVE_PATH/scripts/react-native-xcode.sh\"\n\n/bin/sh -c \"$WITH_ENVIRONMENT $REACT_NATIVE_XCODE\"\n";
		};
		00EEFC60759A1932668264C0 /* [CP] Embed Pods Frameworks */ = {
			isa = PBXShellScriptBuildPhase;
			buildActionMask = 2147483647;
			files = (
			);
			inputFileListPaths = (
				"${PODS_ROOT}/Target Support Files/Pods-dhievent/Pods-dhievent-frameworks-${CONFIGURATION}-input-files.xcfilelist",
			);
			name = "[CP] Embed Pods Frameworks";
			outputFileListPaths = (
				"${PODS_ROOT}/Target Support Files/Pods-dhievent/Pods-dhievent-frameworks-${CONFIGURATION}-output-files.xcfilelist",
			);
			runOnlyForDeploymentPostprocessing = 0;
			shellPath = /bin/sh;
			shellScript = "\"${PODS_ROOT}/Target Support Files/Pods-dhievent/Pods-dhievent-frameworks.sh\"\n";
			showEnvVarsInLog = 0;
		};
		C38B50BA6285516D6DCD4F65 /* [CP] Check Pods Manifest.lock */ = {
			isa = PBXShellScriptBuildPhase;
			buildActionMask = 2147483647;
			files = (
			);
			inputFileListPaths = (
			);
			inputPaths = (
				"${PODS_PODFILE_DIR_PATH}/Podfile.lock",
				"${PODS_ROOT}/Manifest.lock",
			);
			name = "[CP] Check Pods Manifest.lock";
			outputFileListPaths = (
			);
			outputPaths = (
				"$(DERIVED_FILE_DIR)/Pods-dhievent-checkManifestLockResult.txt",
			);
			runOnlyForDeploymentPostprocessing = 0;
			shellPath = /bin/sh;
			shellScript = "diff \"${PODS_PODFILE_DIR_PATH}/Podfile.lock\" \"${PODS_ROOT}/Manifest.lock\" > /dev/null\nif [ $? != 0 ] ; then\n    # print error to STDERR\n    echo \"error: The sandbox is not in sync with the Podfile.lock. Run 'pod install' or update your CocoaPods installation.\" >&2\n    exit 1\nfi\n# This output is used by Xcode 'outputs' to avoid re-running this script phase.\necho \"SUCCESS\" > \"${SCRIPT_OUTPUT_FILE_0}\"\n";
			showEnvVarsInLog = 0;
		};
		E235C05ADACE081382539298 /* [CP] Copy Pods Resources */ = {
			isa = PBXShellScriptBuildPhase;
			buildActionMask = 2147483647;
			files = (
			);
			inputFileListPaths = (
				"${PODS_ROOT}/Target Support Files/Pods-dhievent/Pods-dhievent-resources-${CONFIGURATION}-input-files.xcfilelist",
			);
			name = "[CP] Copy Pods Resources";
			outputFileListPaths = (
				"${PODS_ROOT}/Target Support Files/Pods-dhievent/Pods-dhievent-resources-${CONFIGURATION}-output-files.xcfilelist",
			);
			runOnlyForDeploymentPostprocessing = 0;
			shellPath = /bin/sh;
			shellScript = "\"${PODS_ROOT}/Target Support Files/Pods-dhievent/Pods-dhievent-resources.sh\"\n";
			showEnvVarsInLog = 0;
		};
/* End PBXShellScriptBuildPhase section */

/* Begin PBXSourcesBuildPhase section */
		13B07F871A680F5B00A75B9A /* Sources */ = {
			isa = PBXSourcesBuildPhase;
			buildActionMask = 2147483647;
			files = (
				761780ED2CA45674006654EE /* AppDelegate.swift in Sources */,
			);
			runOnlyForDeploymentPostprocessing = 0;
		};
/* End PBXSourcesBuildPhase section */

/* Begin XCBuildConfiguration section */
		13B07F941A680F5B00A75B9A /* Debug */ = {
			isa = XCBuildConfiguration;
			baseConfigurationReference = 3B4392A12AC88292D35C810B /* Pods-dhievent.debug.xcconfig */;
			buildSettings = {
				ASSETCATALOG_COMPILER_APPICON_NAME = AppIcon;
				CLANG_ENABLE_MODULES = YES;
				CURRENT_PROJECT_VERSION = 1;
				ENABLE_BITCODE = NO;
				INFOPLIST_FILE = dhievent/Info.plist;
				IPHONEOS_DEPLOYMENT_TARGET = 15.1;
				LD_RUNPATH_SEARCH_PATHS = (
					"$(inherited)",
					"@executable_path/Frameworks",
				);
				MARKETING_VERSION = 1.0;
				OTHER_LDFLAGS = (
					"$(inherited)",
					"-ObjC",
					"-lc++",
				);
				PRODUCT_BUNDLE_IDENTIFIER = "org.reactjs.native.example.$(PRODUCT_NAME:rfc1034identifier)";
				PRODUCT_NAME = dhievent;
				SWIFT_OPTIMIZATION_LEVEL = "-Onone";
				SWIFT_VERSION = 5.0;
				VERSIONING_SYSTEM = "apple-generic";
			};
			name = Debug;
		};
		13B07F951A680F5B00A75B9A /* Release */ = {
			isa = XCBuildConfiguration;
			baseConfigurationReference = 5709B34CF0A7D63546082F79 /* Pods-dhievent.release.xcconfig */;
			buildSettings = {
				ASSETCATALOG_COMPILER_APPICON_NAME = AppIcon;
				CLANG_ENABLE_MODULES = YES;
				CURRENT_PROJECT_VERSION = 1;
				INFOPLIST_FILE = dhievent/Info.plist;
				IPHONEOS_DEPLOYMENT_TARGET = 15.1;
				LD_RUNPATH_SEARCH_PATHS = (
					"$(inherited)",
					"@executable_path/Frameworks",
				);
				MARKETING_VERSION = 1.0;
				OTHER_LDFLAGS = (
					"$(inherited)",
					"-ObjC",
					"-lc++",
				);
				PRODUCT_BUNDLE_IDENTIFIER = "org.reactjs.native.example.$(PRODUCT_NAME:rfc1034identifier)";
				PRODUCT_NAME = dhievent;
				SWIFT_VERSION = 5.0;
				VERSIONING_SYSTEM = "apple-generic";
			};
			name = Release;
		};
		83CBBA201A601CBA00E9B192 /* Debug */ = {
			isa = XCBuildConfiguration;
			buildSettings = {
				ALWAYS_SEARCH_USER_PATHS = NO;
				CLANG_ANALYZER_LOCALIZABILITY_NONLOCALIZED = YES;
				CLANG_CXX_LANGUAGE_STANDARD = "c++20";
				CLANG_CXX_LIBRARY = "libc++";
				CLANG_ENABLE_MODULES = YES;
				CLANG_ENABLE_OBJC_ARC = YES;
				CLANG_WARN_BLOCK_CAPTURE_AUTORELEASING = YES;
				CLANG_WARN_BOOL_CONVERSION = YES;
				CLANG_WARN_COMMA = YES;
				CLANG_WARN_CONSTANT_CONVERSION = YES;
				CLANG_WARN_DEPRECATED_OBJC_IMPLEMENTATIONS = YES;
				CLANG_WARN_DIRECT_OBJC_ISA_USAGE = YES_ERROR;
				CLANG_WARN_EMPTY_BODY = YES;
				CLANG_WARN_ENUM_CONVERSION = YES;
				CLANG_WARN_INFINITE_RECURSION = YES;
				CLANG_WARN_INT_CONVERSION = YES;
				CLANG_WARN_NON_LITERAL_NULL_CONVERSION = YES;
				CLANG_WARN_OBJC_IMPLICIT_RETAIN_SELF = YES;
				CLANG_WARN_OBJC_LITERAL_CONVERSION = YES;
				CLANG_WARN_OBJC_ROOT_CLASS = YES_ERROR;
				CLANG_WARN_QUOTED_INCLUDE_IN_FRAMEWORK_HEADER = YES;
				CLANG_WARN_RANGE_LOOP_ANALYSIS = YES;
				CLANG_WARN_STRICT_PROTOTYPES = YES;
				CLANG_WARN_SUSPICIOUS_MOVE = YES;
				CLANG_WARN_UNREACHABLE_CODE = YES;
				CLANG_WARN__DUPLICATE_METHOD_MATCH = YES;
				"CODE_SIGN_IDENTITY[sdk=iphoneos*]" = "iPhone Developer";
				COPY_PHASE_STRIP = NO;
				ENABLE_STRICT_OBJC_MSGSEND = YES;
				ENABLE_TESTABILITY = YES;
				"EXCLUDED_ARCHS[sdk=iphonesimulator*]" = "";
				GCC_C_LANGUAGE_STANDARD = gnu99;
				GCC_DYNAMIC_NO_PIC = NO;
				GCC_NO_COMMON_BLOCKS = YES;
				GCC_OPTIMIZATION_LEVEL = 0;
				GCC_PREPROCESSOR_DEFINITIONS = (
					"DEBUG=1",
					"$(inherited)",
				);
				GCC_SYMBOLS_PRIVATE_EXTERN = NO;
				GCC_WARN_64_TO_32_BIT_CONVERSION = YES;
				GCC_WARN_ABOUT_RETURN_TYPE = YES_ERROR;
				GCC_WARN_UNDECLARED_SELECTOR = YES;
				GCC_WARN_UNINITIALIZED_AUTOS = YES_AGGRESSIVE;
				GCC_WARN_UNUSED_FUNCTION = YES;
				GCC_WARN_UNUSED_VARIABLE = YES;
				IPHONEOS_DEPLOYMENT_TARGET = 15.1;
				LD_RUNPATH_SEARCH_PATHS = (
					/usr/lib/swift,
					"$(inherited)",
				);
				LIBRARY_SEARCH_PATHS = (
					"\"$(SDKROOT)/usr/lib/swift\"",
					"\"$(TOOLCHAIN_DIR)/usr/lib/swift/$(PLATFORM_NAME)\"",
					"\"$(inherited)\"",
				);
				MTL_ENABLE_DEBUG_INFO = YES;
				ONLY_ACTIVE_ARCH = YES;
				OTHER_CPLUSPLUSFLAGS = (
					"$(OTHER_CFLAGS)",
					"-DFOLLY_NO_CONFIG",
					"-DFOLLY_MOBILE=1",
					"-DFOLLY_USE_LIBCPP=1",
					"-DFOLLY_CFG_NO_COROUTINES=1",
					"-DFOLLY_HAVE_CLOCK_GETTIME=1",
				);
				OTHER_LDFLAGS = (
					"$(inherited)",
					" ",
				);
				REACT_NATIVE_PATH = "${PODS_ROOT}/../../node_modules/react-native";
				SDKROOT = iphoneos;
				SWIFT_ACTIVE_COMPILATION_CONDITIONS = "$(inherited) DEBUG";
				USE_HERMES = true;
			};
			name = Debug;
		};
		83CBBA211A601CBA00E9B192 /* Release */ = {
			isa = XCBuildConfiguration;
			buildSettings = {
				ALWAYS_SEARCH_USER_PATHS = NO;
				CLANG_ANALYZER_LOCALIZABILITY_NONLOCALIZED = YES;
				CLANG_CXX_LANGUAGE_STANDARD = "c++20";
				CLANG_CXX_LIBRARY = "libc++";
				CLANG_ENABLE_MODULES = YES;
				CLANG_ENABLE_OBJC_ARC = YES;
				CLANG_WARN_BLOCK_CAPTURE_AUTORELEASING = YES;
				CLANG_WARN_BOOL_CONVERSION = YES;
				CLANG_WARN_COMMA = YES;
				CLANG_WARN_CONSTANT_CONVERSION = YES;
				CLANG_WARN_DEPRECATED_OBJC_IMPLEMENTATIONS = YES;
				CLANG_WARN_DIRECT_OBJC_ISA_USAGE = YES_ERROR;
				CLANG_WARN_EMPTY_BODY = YES;
				CLANG_WARN_ENUM_CONVERSION = YES;
				CLANG_WARN_INFINITE_RECURSION = YES;
				CLANG_WARN_INT_CONVERSION = YES;
				CLANG_WARN_NON_LITERAL_NULL_CONVERSION = YES;
				CLANG_WARN_OBJC_IMPLICIT_RETAIN_SELF = YES;
				CLANG_WARN_OBJC_LITERAL_CONVERSION = YES;
				CLANG_WARN_OBJC_ROOT_CLASS = YES_ERROR;
				CLANG_WARN_QUOTED_INCLUDE_IN_FRAMEWORK_HEADER = YES;
				CLANG_WARN_RANGE_LOOP_ANALYSIS = YES;
				CLANG_WARN_STRICT_PROTOTYPES = YES;
				CLANG_WARN_SUSPICIOUS_MOVE = YES;
				CLANG_WARN_UNREACHABLE_CODE = YES;
				CLANG_WARN__DUPLICATE_METHOD_MATCH = YES;
				"CODE_SIGN_IDENTITY[sdk=iphoneos*]" = "iPhone Developer";
				COPY_PHASE_STRIP = YES;
				ENABLE_NS_ASSERTIONS = NO;
				ENABLE_STRICT_OBJC_MSGSEND = YES;
				"EXCLUDED_ARCHS[sdk=iphonesimulator*]" = "";
				GCC_C_LANGUAGE_STANDARD = gnu99;
				GCC_NO_COMMON_BLOCKS = YES;
				GCC_WARN_64_TO_32_BIT_CONVERSION = YES;
				GCC_WARN_ABOUT_RETURN_TYPE = YES_ERROR;
				GCC_WARN_UNDECLARED_SELECTOR = YES;
				GCC_WARN_UNINITIALIZED_AUTOS = YES_AGGRESSIVE;
				GCC_WARN_UNUSED_FUNCTION = YES;
				GCC_WARN_UNUSED_VARIABLE = YES;
				IPHONEOS_DEPLOYMENT_TARGET = 15.1;
				LD_RUNPATH_SEARCH_PATHS = (
					/usr/lib/swift,
					"$(inherited)",
				);
				LIBRARY_SEARCH_PATHS = (
					"\"$(SDKROOT)/usr/lib/swift\"",
					"\"$(TOOLCHAIN_DIR)/usr/lib/swift/$(PLATFORM_NAME)\"",
					"\"$(inherited)\"",
				);
				MTL_ENABLE_DEBUG_INFO = NO;
				OTHER_CPLUSPLUSFLAGS = (
					"$(OTHER_CFLAGS)",
					"-DFOLLY_NO_CONFIG",
					"-DFOLLY_MOBILE=1",
					"-DFOLLY_USE_LIBCPP=1",
					"-DFOLLY_CFG_NO_COROUTINES=1",
					"-DFOLLY_HAVE_CLOCK_GETTIME=1",
				);
				OTHER_LDFLAGS = (
					"$(inherited)",
					" ",
				);
				REACT_NATIVE_PATH = "${PODS_ROOT}/../../node_modules/react-native";
				SDKROOT = iphoneos;
				USE_HERMES = true;
				VALIDATE_PRODUCT = YES;
			};
			name = Release;
		};
/* End XCBuildConfiguration section */

/* Begin XCConfigurationList section */
		13B07F931A680F5B00A75B9A /* Build configuration list for PBXNativeTarget "dhievent" */ = {
			isa = XCConfigurationList;
			buildConfigurations = (
				13B07F941A680F5B00A75B9A /* Debug */,
				13B07F951A680F5B00A75B9A /* Release */,
			);
			defaultConfigurationIsVisible = 0;
			defaultConfigurationName = Release;
		};
		83CBB9FA1A601CBA00E9B192 /* Build configuration list for PBXProject "dhievent" */ = {
			isa = XCConfigurationList;
			buildConfigurations = (
				83CBBA201A601CBA00E9B192 /* Debug */,
				83CBBA211A601CBA00E9B192 /* Release */,
			);
			defaultConfigurationIsVisible = 0;
			defaultConfigurationName = Release;
		};
/* End XCConfigurationList section */
	};
	rootObject = 83CBB9F71A601CBA00E9B192 /* Project object */;
}
